uuid: bd1fc79e-9095-4420-93e1-7878e6566975
langcode: en
status: true
dependencies:
  config:
    - webform.webform.gcweb_report_a_problem
  module:
    - block_class
    - wxt_ext_webform
    - wxt_library
  theme:
    - aafctheme
third_party_settings:
  block_class:
    classes: 'col-sm-6 col-md-5 col-lg-4'
_core:
  default_config_hash: mB9tvJ1UHyTFfTG-tCGMD0Oy9QeuMr9hLJGz2cikKqs
id: aafctheme_reportproblemblock
theme: aafctheme
region: content_footer
weight: -11
provider: null
plugin: report_problem_block
settings:
  id: report_problem_block
  label: 'Report Problem block'
  provider: wxt_ext_webform
  label_display: '0'
  webform_id: gcweb_report_a_problem
  inline_webform: 1
  report_problem_settings:
    webform_id: ''
    default_data: ''
    redirect: false
  default_data:
    webform_id: gcweb_report_a_problem
    default_data: ''
    redirect: true
  redirect: true
visibility:
  panels_title:
    id: panels_title
    enabled: 0
    negate: false
    context_mapping: {  }
    is_panelized: {  }
