uuid: bd1fc79e-9095-4420-93e1-7878e6566975
langcode: en
status: true
dependencies:
  config:
    - webform.webform.gcweb_report_a_problem
  module:
    - block_class
    - system
    - wxt_ext_blocks
    - wxt_ext_webform
  theme:
    - aafctheme
third_party_settings:
  block_class:
    classes: 'col-sm-6 col-md-5 col-lg-4'
  wxt_ext_blocks:
    display_title_invisible: 0
_core:
  default_config_hash: mB9tvJ1UHyTFfTG-tCGMD0Oy9QeuMr9hLJGz2cikKqs
id: aafctheme_reportproblemblock
theme: aafctheme
region: content_footer
weight: -16
provider: null
plugin: report_problem_block
settings:
  id: report_problem_block
  label: 'Report Problem block (default)'
  label_display: '0'
  provider: wxt_ext_webform
  webform_id: gcweb_report_a_problem
  inline_webform: 1
  report_problem_settings:
    webform_id: ''
    default_data: ''
    redirect: false
  default_data:
    webform_id: gcweb_report_a_problem
    default_data: ''
    redirect: true
  redirect: true
visibility:
  request_path:
    id: request_path
    negate: false
    pages: /this-page-does-not-exist
